
Microsoft Visual Studio Solution File, Format Version 12.00
# Visual Studio Version 17
VisualStudioVersion = 17.5.002.0
MinimumVisualStudioVersion = 10.0.40219.1
Project("{9A19103F-16F7-4668-BE54-9A1E7A4F7556}") = "SimpleWebApi", "SimpleWebApi\SimpleWebApi.csproj", "{AA1455A8-4C22-4CF3-B02A-FB6D0457428E}"
EndProject
Global
	GlobalSection(SolutionConfigurationPlatforms) = preSolution
		Debug|Any CPU = Debug|Any CPU
		Release|Any CPU = Release|Any CPU
	EndGlobalSection
	GlobalSection(ProjectConfigurationPlatforms) = postSolution
		{AA1455A8-4C22-4CF3-B02A-FB6D0457428E}.Debug|Any CPU.ActiveCfg = Debug|Any CPU
		{AA1455A8-4C22-4CF3-B02A-FB6D0457428E}.Debug|Any CPU.Build.0 = Debug|Any CPU
		{AA1455A8-4C22-4CF3-B02A-FB6D0457428E}.Release|Any CPU.ActiveCfg = Release|Any CPU
		{AA1455A8-4C22-4CF3-B02A-FB6D0457428E}.Release|Any CPU.Build.0 = Release|Any CPU
	EndGlobalSection
	GlobalSection(SolutionProperties) = preSolution
		HideSolutionNode = FALSE
	EndGlobalSection
	GlobalSection(ExtensibilityGlobals) = postSolution
		SolutionGuid = {6B35E2BE-62E9-49EB-816D-EE7E9D095B46}
	EndGlobalSection
EndGlobal
